payload:
  - '+.adtng.com'
  - '+.stripchatgirls.com'
  - '+.xhamsterlive.com'
  - 'gvod.aiseejapp.atianqi.com'
  - 't7z.cupid.ptqy.gitv.tv'
  - '+.js96110.com.cn'
  - '+.config.kuyun.com'
  - '+.logonext.tv.kuyun.com'

  - 'syndication.realsrv.com'
  - 'audio-fa.scdn.co'
  - 'audio-fa.spotifycdn.com'
  - '+.strpst.com'
  - 'ads.trafficjunky.net'

  - '+.ad.mi.com'
  - 'adv.sec.intl.miui.com'
  - 'adv.sec.miui.com'
  - 'analytics.ff.avast.sec.miui.com'
  - '+.ad.xiaomi.com'
  - '+.ad1.xiaomi.com'
  - '+.admob.xiaomi.com'
  - '+.ads.xiaomi.com'
  - '+.ad.eu.xiaomi.com'
  - '+.ad.india.xiaomi.com'
  - '+.ad.intl.xiaomi.com'
  - '+.o2o.api.xiaomi.com'
  - '+.data.mistat.xiaomi.com'
  - '+.ad.rus.xiaomi.com'
  - 'ad.quickapp.hybrid.xiaomi.com'
  - 'ad.cdn.pandora.xiaomi.com'
  - '+.bss.pandora.xiaomi.com'
  - '+.de.pandora.xiaomi.com'
  - '+.dvb.pandora.xiaomi.com'
  - '+.gallery.pandora.xiaomi.com'
  - '+.jellyfish.pandora.xiaomi.com'
  - '+.mishop.pandora.xiaomi.com'
  - '+.stat.pandora.xiaomi.com'